// !$*UTF8*$!
{
	archiveVersion = 1;
	classes = {
	};
	objectVersion = 46;
	objects = {

/* Begin PBXBuildFile section */
		905AB86D1C84315D004BB94C /* main.m in Sources */ = {isa = PBXBuildFile; fileRef = 905AB86C1C84315D004BB94C /* main.m */; };
		905AB8761C84315D004BB94C /* Main.storyboard in Resources */ = {isa = PBXBuildFile; fileRef = 905AB8741C84315D004BB94C /* Main.storyboard */; };
		905AB8781C84315D004BB94C /* Assets.xcassets in Resources */ = {isa = PBXBuildFile; fileRef = 905AB8771C84315D004BB94C /* Assets.xcassets */; };
		905AB87B1C84315D004BB94C /* LaunchScreen.storyboard in Resources */ = {isa = PBXBuildFile; fileRef = 905AB8791C84315D004BB94C /* LaunchScreen.storyboard */; };
		905AB89F1C843168004BB94C /* DDMIAuthViewController.m in Sources */ = {isa = PBXBuildFile; fileRef = 905AB8841C843168004BB94C /* DDMIAuthViewController.m */; };
		905AB8A01C843168004BB94C /* DDMIBaseViewController.m in Sources */ = {isa = PBXBuildFile; fileRef = 905AB8861C843168004BB94C /* DDMIBaseViewController.m */; };
		905AB8A11C843168004BB94C /* DDMICircleIndicator.m in Sources */ = {isa = PBXBuildFile; fileRef = 905AB8881C843168004BB94C /* DDMICircleIndicator.m */; };
		905AB8A21C843168004BB94C /* DDMIDownLoader.m in Sources */ = {isa = PBXBuildFile; fileRef = 905AB88B1C843168004BB94C /* DDMIDownLoader.m */; };
		905AB8A31C843168004BB94C /* DDMIHandler.m in Sources */ = {isa = PBXBuildFile; fileRef = 905AB88D1C843168004BB94C /* DDMIHandler.m */; };
		905AB8A41C843168004BB94C /* DDMILoginViewController.m in Sources */ = {isa = PBXBuildFile; fileRef = 905AB88F1C843168004BB94C /* DDMILoginViewController.m */; };
		905AB8A51C843168004BB94C /* DDMIRequestHandle.m in Sources */ = {isa = PBXBuildFile; fileRef = 905AB8911C843168004BB94C /* DDMIRequestHandle.m */; };
		905AB8A61C843168004BB94C /* DDMIResource.bundle in Resources */ = {isa = PBXBuildFile; fileRef = 905AB8921C843168004BB94C /* DDMIResource.bundle */; };
		905AB8A71C843168004BB94C /* DDMIUserInfoItem.m in Sources */ = {isa = PBXBuildFile; fileRef = 905AB8951C843168004BB94C /* DDMIUserInfoItem.m */; };
		905AB8A81C843168004BB94C /* DDMIVerifyLoginViewController.m in Sources */ = {isa = PBXBuildFile; fileRef = 905AB8971C843168004BB94C /* DDMIVerifyLoginViewController.m */; };
		905AB8A91C843168004BB94C /* UIButton+DDHitTestEdgeInsets.m in Sources */ = {isa = PBXBuildFile; fileRef = 905AB8991C843168004BB94C /* UIButton+DDHitTestEdgeInsets.m */; };
		905AB8AA1C843168004BB94C /* UIView+DDAction.m in Sources */ = {isa = PBXBuildFile; fileRef = 905AB89B1C843168004BB94C /* UIView+DDAction.m */; };
		905AB8AB1C843168004BB94C /* UIView+DDFrame.m in Sources */ = {isa = PBXBuildFile; fileRef = 905AB89D1C843168004BB94C /* UIView+DDFrame.m */; };
		905AB8AC1C843168004BB94C /* XMPassport.framework in Frameworks */ = {isa = PBXBuildFile; fileRef = 905AB89E1C843168004BB94C /* XMPassport.framework */; };
		905AB8AE1C8431A2004BB94C /* libstdc++.tbd in Frameworks */ = {isa = PBXBuildFile; fileRef = 905AB8AD1C8431A2004BB94C /* libstdc++.tbd */; };
		905AB8B41C8431CD004BB94C /* AppDelegate.m in Sources */ = {isa = PBXBuildFile; fileRef = 905AB8B01C8431CD004BB94C /* AppDelegate.m */; };
		905AB8B51C8431CD004BB94C /* DDMainViewController.m in Sources */ = {isa = PBXBuildFile; fileRef = 905AB8B21C8431CD004BB94C /* DDMainViewController.m */; };
		905AB8B61C8431CD004BB94C /* DDMainViewController.xib in Resources */ = {isa = PBXBuildFile; fileRef = 905AB8B31C8431CD004BB94C /* DDMainViewController.xib */; };
/* End PBXBuildFile section */

/* Begin PBXFileReference section */
		905AB8681C84315D004BB94C /* DDMISDKDemo.app */ = {isa = PBXFileReference; explicitFileType = wrapper.application; includeInIndex = 0; path = DDMISDKDemo.app; sourceTree = BUILT_PRODUCTS_DIR; };
		905AB86C1C84315D004BB94C /* main.m */ = {isa = PBXFileReference; lastKnownFileType = sourcecode.c.objc; path = main.m; sourceTree = "<group>"; };
		905AB8751C84315D004BB94C /* Base */ = {isa = PBXFileReference; lastKnownFileType = file.storyboard; name = Base; path = Base.lproj/Main.storyboard; sourceTree = "<group>"; };
		905AB8771C84315D004BB94C /* Assets.xcassets */ = {isa = PBXFileReference; lastKnownFileType = folder.assetcatalog; path = Assets.xcassets; sourceTree = "<group>"; };
		905AB87A1C84315D004BB94C /* Base */ = {isa = PBXFileReference; lastKnownFileType = file.storyboard; name = Base; path = Base.lproj/LaunchScreen.storyboard; sourceTree = "<group>"; };
		905AB87C1C84315D004BB94C /* Info.plist */ = {isa = PBXFileReference; lastKnownFileType = text.plist.xml; path = Info.plist; sourceTree = "<group>"; };
		905AB8831C843168004BB94C /* DDMIAuthViewController.h */ = {isa = PBXFileReference; fileEncoding = 4; lastKnownFileType = sourcecode.c.h; path = DDMIAuthViewController.h; sourceTree = "<group>"; };
		905AB8841C843168004BB94C /* DDMIAuthViewController.m */ = {isa = PBXFileReference; fileEncoding = 4; lastKnownFileType = sourcecode.c.objc; path = DDMIAuthViewController.m; sourceTree = "<group>"; };
		905AB8851C843168004BB94C /* DDMIBaseViewController.h */ = {isa = PBXFileReference; fileEncoding = 4; lastKnownFileType = sourcecode.c.h; path = DDMIBaseViewController.h; sourceTree = "<group>"; };
		905AB8861C843168004BB94C /* DDMIBaseViewController.m */ = {isa = PBXFileReference; fileEncoding = 4; lastKnownFileType = sourcecode.c.objc; path = DDMIBaseViewController.m; sourceTree = "<group>"; };
		905AB8871C843168004BB94C /* DDMICircleIndicator.h */ = {isa = PBXFileReference; fileEncoding = 4; lastKnownFileType = sourcecode.c.h; path = DDMICircleIndicator.h; sourceTree = "<group>"; };
		905AB8881C843168004BB94C /* DDMICircleIndicator.m */ = {isa = PBXFileReference; fileEncoding = 4; lastKnownFileType = sourcecode.c.objc; path = DDMICircleIndicator.m; sourceTree = "<group>"; };
		905AB8891C843168004BB94C /* DDMIDefines.h */ = {isa = PBXFileReference; fileEncoding = 4; lastKnownFileType = sourcecode.c.h; path = DDMIDefines.h; sourceTree = "<group>"; };
		905AB88A1C843168004BB94C /* DDMIDownLoader.h */ = {isa = PBXFileReference; fileEncoding = 4; lastKnownFileType = sourcecode.c.h; path = DDMIDownLoader.h; sourceTree = "<group>"; };
		905AB88B1C843168004BB94C /* DDMIDownLoader.m */ = {isa = PBXFileReference; fileEncoding = 4; lastKnownFileType = sourcecode.c.objc; path = DDMIDownLoader.m; sourceTree = "<group>"; };
		905AB88C1C843168004BB94C /* DDMIHandler.h */ = {isa = PBXFileReference; fileEncoding = 4; lastKnownFileType = sourcecode.c.h; path = DDMIHandler.h; sourceTree = "<group>"; };
		905AB88D1C843168004BB94C /* DDMIHandler.m */ = {isa = PBXFileReference; fileEncoding = 4; lastKnownFileType = sourcecode.c.objc; path = DDMIHandler.m; sourceTree = "<group>"; };
		905AB88E1C843168004BB94C /* DDMILoginViewController.h */ = {isa = PBXFileReference; fileEncoding = 4; lastKnownFileType = sourcecode.c.h; path = DDMILoginViewController.h; sourceTree = "<group>"; };
		905AB88F1C843168004BB94C /* DDMILoginViewController.m */ = {isa = PBXFileReference; fileEncoding = 4; lastKnownFileType = sourcecode.c.objc; path = DDMILoginViewController.m; sourceTree = "<group>"; };
		905AB8901C843168004BB94C /* DDMIRequestHandle.h */ = {isa = PBXFileReference; fileEncoding = 4; lastKnownFileType = sourcecode.c.h; path = DDMIRequestHandle.h; sourceTree = "<group>"; };
		905AB8911C843168004BB94C /* DDMIRequestHandle.m */ = {isa = PBXFileReference; fileEncoding = 4; lastKnownFileType = sourcecode.c.objc; path = DDMIRequestHandle.m; sourceTree = "<group>"; };
		905AB8921C843168004BB94C /* DDMIResource.bundle */ = {isa = PBXFileReference; lastKnownFileType = "wrapper.plug-in"; path = DDMIResource.bundle; sourceTree = "<group>"; };
		905AB8931C843168004BB94C /* DDMITypeDefines.h */ = {isa = PBXFileReference; fileEncoding = 4; lastKnownFileType = sourcecode.c.h; path = DDMITypeDefines.h; sourceTree = "<group>"; };
		905AB8941C843168004BB94C /* DDMIUserInfoItem.h */ = {isa = PBXFileReference; fileEncoding = 4; lastKnownFileType = sourcecode.c.h; path = DDMIUserInfoItem.h; sourceTree = "<group>"; };
		905AB8951C843168004BB94C /* DDMIUserInfoItem.m */ = {isa = PBXFileReference; fileEncoding = 4; lastKnownFileType = sourcecode.c.objc; path = DDMIUserInfoItem.m; sourceTree = "<group>"; };
		905AB8961C843168004BB94C /* DDMIVerifyLoginViewController.h */ = {isa = PBXFileReference; fileEncoding = 4; lastKnownFileType = sourcecode.c.h; path = DDMIVerifyLoginViewController.h; sourceTree = "<group>"; };
		905AB8971C843168004BB94C /* DDMIVerifyLoginViewController.m */ = {isa = PBXFileReference; fileEncoding = 4; lastKnownFileType = sourcecode.c.objc; path = DDMIVerifyLoginViewController.m; sourceTree = "<group>"; };
		905AB8981C843168004BB94C /* UIButton+DDHitTestEdgeInsets.h */ = {isa = PBXFileReference; fileEncoding = 4; lastKnownFileType = sourcecode.c.h; path = "UIButton+DDHitTestEdgeInsets.h"; sourceTree = "<group>"; };
		905AB8991C843168004BB94C /* UIButton+DDHitTestEdgeInsets.m */ = {isa = PBXFileReference; fileEncoding = 4; lastKnownFileType = sourcecode.c.objc; path = "UIButton+DDHitTestEdgeInsets.m"; sourceTree = "<group>"; };
		905AB89A1C843168004BB94C /* UIView+DDAction.h */ = {isa = PBXFileReference; fileEncoding = 4; lastKnownFileType = sourcecode.c.h; path = "UIView+DDAction.h"; sourceTree = "<group>"; };
		905AB89B1C843168004BB94C /* UIView+DDAction.m */ = {isa = PBXFileReference; fileEncoding = 4; lastKnownFileType = sourcecode.c.objc; path = "UIView+DDAction.m"; sourceTree = "<group>"; };
		905AB89C1C843168004BB94C /* UIView+DDFrame.h */ = {isa = PBXFileReference; fileEncoding = 4; lastKnownFileType = sourcecode.c.h; path = "UIView+DDFrame.h"; sourceTree = "<group>"; };
		905AB89D1C843168004BB94C /* UIView+DDFrame.m */ = {isa = PBXFileReference; fileEncoding = 4; lastKnownFileType = sourcecode.c.objc; path = "UIView+DDFrame.m"; sourceTree = "<group>"; };
		905AB89E1C843168004BB94C /* XMPassport.framework */ = {isa = PBXFileReference; lastKnownFileType = wrapper.framework; path = XMPassport.framework; sourceTree = "<group>"; };
		905AB8AD1C8431A2004BB94C /* libstdc++.tbd */ = {isa = PBXFileReference; lastKnownFileType = "sourcecode.text-based-dylib-definition"; name = "libstdc++.tbd"; path = "usr/lib/libstdc++.tbd"; sourceTree = SDKROOT; };
		905AB8AF1C8431CD004BB94C /* AppDelegate.h */ = {isa = PBXFileReference; fileEncoding = 4; lastKnownFileType = sourcecode.c.h; name = AppDelegate.h; path = ../../../../../.Trash/DDMISDKDemo/DDMISDKDemo/AppDelegate.h; sourceTree = "<group>"; };
		905AB8B01C8431CD004BB94C /* AppDelegate.m */ = {isa = PBXFileReference; fileEncoding = 4; lastKnownFileType = sourcecode.c.objc; name = AppDelegate.m; path = ../../../../../.Trash/DDMISDKDemo/DDMISDKDemo/AppDelegate.m; sourceTree = "<group>"; };
		905AB8B11C8431CD004BB94C /* DDMainViewController.h */ = {isa = PBXFileReference; fileEncoding = 4; lastKnownFileType = sourcecode.c.h; name = DDMainViewController.h; path = ../../../../../.Trash/DDMISDKDemo/DDMISDKDemo/DDMainViewController.h; sourceTree = "<group>"; };
		905AB8B21C8431CD004BB94C /* DDMainViewController.m */ = {isa = PBXFileReference; fileEncoding = 4; lastKnownFileType = sourcecode.c.objc; name = DDMainViewController.m; path = ../../../../../.Trash/DDMISDKDemo/DDMISDKDemo/DDMainViewController.m; sourceTree = "<group>"; };
		905AB8B31C8431CD004BB94C /* DDMainViewController.xib */ = {isa = PBXFileReference; fileEncoding = 4; lastKnownFileType = file.xib; name = DDMainViewController.xib; path = ../../../../../.Trash/DDMISDKDemo/DDMISDKDemo/DDMainViewController.xib; sourceTree = "<group>"; };
/* End PBXFileReference section */

/* Begin PBXFrameworksBuildPhase section */
		905AB8651C84315D004BB94C /* Frameworks */ = {
			isa = PBXFrameworksBuildPhase;
			buildActionMask = 2147483647;
			files = (
				905AB8AE1C8431A2004BB94C /* libstdc++.tbd in Frameworks */,
				905AB8AC1C843168004BB94C /* XMPassport.framework in Frameworks */,
			);
			runOnlyForDeploymentPostprocessing = 0;
		};
/* End PBXFrameworksBuildPhase section */

/* Begin PBXGroup section */
		905AB85F1C84315D004BB94C = {
			isa = PBXGroup;
			children = (
				905AB8AD1C8431A2004BB94C /* libstdc++.tbd */,
				905AB8821C843168004BB94C /* DDMISDK */,
				905AB86A1C84315D004BB94C /* DDMISDKDemo */,
				905AB8691C84315D004BB94C /* Products */,
			);
			sourceTree = "<group>";
		};
		905AB8691C84315D004BB94C /* Products */ = {
			isa = PBXGroup;
			children = (
				905AB8681C84315D004BB94C /* DDMISDKDemo.app */,
			);
			name = Products;
			sourceTree = "<group>";
		};
		905AB86A1C84315D004BB94C /* DDMISDKDemo */ = {
			isa = PBXGroup;
			children = (
				905AB8AF1C8431CD004BB94C /* AppDelegate.h */,
				905AB8B01C8431CD004BB94C /* AppDelegate.m */,
				905AB8B11C8431CD004BB94C /* DDMainViewController.h */,
				905AB8B21C8431CD004BB94C /* DDMainViewController.m */,
				905AB8B31C8431CD004BB94C /* DDMainViewController.xib */,
				905AB8741C84315D004BB94C /* Main.storyboard */,
				905AB8771C84315D004BB94C /* Assets.xcassets */,
				905AB8791C84315D004BB94C /* LaunchScreen.storyboard */,
				905AB87C1C84315D004BB94C /* Info.plist */,
				905AB86B1C84315D004BB94C /* Supporting Files */,
			);
			path = DDMISDKDemo;
			sourceTree = "<group>";
		};
		905AB86B1C84315D004BB94C /* Supporting Files */ = {
			isa = PBXGroup;
			children = (
				905AB86C1C84315D004BB94C /* main.m */,
			);
			name = "Supporting Files";
			sourceTree = "<group>";
		};
		905AB8821C843168004BB94C /* DDMISDK */ = {
			isa = PBXGroup;
			children = (
				905AB8831C843168004BB94C /* DDMIAuthViewController.h */,
				905AB8841C843168004BB94C /* DDMIAuthViewController.m */,
				905AB8851C843168004BB94C /* DDMIBaseViewController.h */,
				905AB8861C843168004BB94C /* DDMIBaseViewController.m */,
				905AB8871C843168004BB94C /* DDMICircleIndicator.h */,
				905AB8881C843168004BB94C /* DDMICircleIndicator.m */,
				905AB8891C843168004BB94C /* DDMIDefines.h */,
				905AB88A1C843168004BB94C /* DDMIDownLoader.h */,
				905AB88B1C843168004BB94C /* DDMIDownLoader.m */,
				905AB88C1C843168004BB94C /* DDMIHandler.h */,
				905AB88D1C843168004BB94C /* DDMIHandler.m */,
				905AB88E1C843168004BB94C /* DDMILoginViewController.h */,
				905AB88F1C843168004BB94C /* DDMILoginViewController.m */,
				905AB8901C843168004BB94C /* DDMIRequestHandle.h */,
				905AB8911C843168004BB94C /* DDMIRequestHandle.m */,
				905AB8921C843168004BB94C /* DDMIResource.bundle */,
				905AB8931C843168004BB94C /* DDMITypeDefines.h */,
				905AB8941C843168004BB94C /* DDMIUserInfoItem.h */,
				905AB8951C843168004BB94C /* DDMIUserInfoItem.m */,
				905AB8961C843168004BB94C /* DDMIVerifyLoginViewController.h */,
				905AB8971C843168004BB94C /* DDMIVerifyLoginViewController.m */,
				905AB8981C843168004BB94C /* UIButton+DDHitTestEdgeInsets.h */,
				905AB8991C843168004BB94C /* UIButton+DDHitTestEdgeInsets.m */,
				905AB89A1C843168004BB94C /* UIView+DDAction.h */,
				905AB89B1C843168004BB94C /* UIView+DDAction.m */,
				905AB89C1C843168004BB94C /* UIView+DDFrame.h */,
				905AB89D1C843168004BB94C /* UIView+DDFrame.m */,
				905AB89E1C843168004BB94C /* XMPassport.framework */,
			);
			name = DDMISDK;
			path = ../DDMISDK;
			sourceTree = "<group>";
		};
/* End PBXGroup section */

/* Begin PBXNativeTarget section */
		905AB8671C84315D004BB94C /* DDMISDKDemo */ = {
			isa = PBXNativeTarget;
			buildConfigurationList = 905AB87F1C84315D004BB94C /* Build configuration list for PBXNativeTarget "DDMISDKDemo" */;
			buildPhases = (
				905AB8641C84315D004BB94C /* Sources */,
				905AB8651C84315D004BB94C /* Frameworks */,
				905AB8661C84315D004BB94C /* Resources */,
			);
			buildRules = (
			);
			dependencies = (
			);
			name = DDMISDKDemo;
			productName = DDMISDKDemo;
			productReference = 905AB8681C84315D004BB94C /* DDMISDKDemo.app */;
			productType = "com.apple.product-type.application";
		};
/* End PBXNativeTarget section */

/* Begin PBXProject section */
		905AB8601C84315D004BB94C /* Project object */ = {
			isa = PBXProject;
			attributes = {
				LastUpgradeCheck = 0720;
				ORGANIZATIONNAME = LiLingang;
				TargetAttributes = {
					905AB8671C84315D004BB94C = {
						CreatedOnToolsVersion = 7.2.1;
					};
				};
			};
			buildConfigurationList = 905AB8631C84315D004BB94C /* Build configuration list for PBXProject "DDMISDKDemo" */;
			compatibilityVersion = "Xcode 3.2";
			developmentRegion = English;
			hasScannedForEncodings = 0;
			knownRegions = (
				en,
				Base,
			);
			mainGroup = 905AB85F1C84315D004BB94C;
			productRefGroup = 905AB8691C84315D004BB94C /* Products */;
			projectDirPath = "";
			projectRoot = "";
			targets = (
				905AB8671C84315D004BB94C /* DDMISDKDemo */,
			);
		};
/* End PBXProject section */

/* Begin PBXResourcesBuildPhase section */
		905AB8661C84315D004BB94C /* Resources */ = {
			isa = PBXResourcesBuildPhase;
			buildActionMask = 2147483647;
			files = (
				905AB8B61C8431CD004BB94C /* DDMainViewController.xib in Resources */,
				905AB87B1C84315D004BB94C /* LaunchScreen.storyboard in Resources */,
				905AB8A61C843168004BB94C /* DDMIResource.bundle in Resources */,
				905AB8781C84315D004BB94C /* Assets.xcassets in Resources */,
				905AB8761C84315D004BB94C /* Main.storyboard in Resources */,
			);
			runOnlyForDeploymentPostprocessing = 0;
		};
/* End PBXResourcesBuildPhase section */

/* Begin PBXSourcesBuildPhase section */
		905AB8641C84315D004BB94C /* Sources */ = {
			isa = PBXSourcesBuildPhase;
			buildActionMask = 2147483647;
			files = (
				905AB8A81C843168004BB94C /* DDMIVerifyLoginViewController.m in Sources */,
				905AB89F1C843168004BB94C /* DDMIAuthViewController.m in Sources */,
				905AB8A51C843168004BB94C /* DDMIRequestHandle.m in Sources */,
				905AB8A41C843168004BB94C /* DDMILoginViewController.m in Sources */,
				905AB8A11C843168004BB94C /* DDMICircleIndicator.m in Sources */,
				905AB8A31C843168004BB94C /* DDMIHandler.m in Sources */,
				905AB8A71C843168004BB94C /* DDMIUserInfoItem.m in Sources */,
				905AB8A21C843168004BB94C /* DDMIDownLoader.m in Sources */,
				905AB86D1C84315D004BB94C /* main.m in Sources */,
				905AB8AB1C843168004BB94C /* UIView+DDFrame.m in Sources */,
				905AB8A01C843168004BB94C /* DDMIBaseViewController.m in Sources */,
				905AB8AA1C843168004BB94C /* UIView+DDAction.m in Sources */,
				905AB8B51C8431CD004BB94C /* DDMainViewController.m in Sources */,
				905AB8A91C843168004BB94C /* UIButton+DDHitTestEdgeInsets.m in Sources */,
				905AB8B41C8431CD004BB94C /* AppDelegate.m in Sources */,
			);
			runOnlyForDeploymentPostprocessing = 0;
		};
/* End PBXSourcesBuildPhase section */

/* Begin PBXVariantGroup section */
		905AB8741C84315D004BB94C /* Main.storyboard */ = {
			isa = PBXVariantGroup;
			children = (
				905AB8751C84315D004BB94C /* Base */,
			);
			name = Main.storyboard;
			sourceTree = "<group>";
		};
		905AB8791C84315D004BB94C /* LaunchScreen.storyboard */ = {
			isa = PBXVariantGroup;
			children = (
				905AB87A1C84315D004BB94C /* Base */,
			);
			name = LaunchScreen.storyboard;
			sourceTree = "<group>";
		};
/* End PBXVariantGroup section */

/* Begin XCBuildConfiguration section */
		905AB87D1C84315D004BB94C /* Debug */ = {
			isa = XCBuildConfiguration;
			buildSettings = {
				ALWAYS_SEARCH_USER_PATHS = NO;
				CLANG_CXX_LANGUAGE_STANDARD = "gnu++0x";
				CLANG_CXX_LIBRARY = "libc++";
				CLANG_ENABLE_MODULES = YES;
				CLANG_ENABLE_OBJC_ARC = YES;
				CLANG_WARN_BOOL_CONVERSION = YES;
				CLANG_WARN_CONSTANT_CONVERSION = YES;
				CLANG_WARN_DIRECT_OBJC_ISA_USAGE = YES_ERROR;
				CLANG_WARN_EMPTY_BODY = YES;
				CLANG_WARN_ENUM_CONVERSION = YES;
				CLANG_WARN_INT_CONVERSION = YES;
				CLANG_WARN_OBJC_ROOT_CLASS = YES_ERROR;
				CLANG_WARN_UNREACHABLE_CODE = YES;
				CLANG_WARN__DUPLICATE_METHOD_MATCH = YES;
				"CODE_SIGN_IDENTITY[sdk=iphoneos*]" = "iPhone Developer";
				COPY_PHASE_STRIP = NO;
				DEBUG_INFORMATION_FORMAT = dwarf;
				ENABLE_STRICT_OBJC_MSGSEND = YES;
				ENABLE_TESTABILITY = YES;
				GCC_C_LANGUAGE_STANDARD = gnu99;
				GCC_DYNAMIC_NO_PIC = NO;
				GCC_NO_COMMON_BLOCKS = YES;
				GCC_OPTIMIZATION_LEVEL = 0;
				GCC_PREPROCESSOR_DEFINITIONS = (
					"DEBUG=1",
					"$(inherited)",
				);
				GCC_WARN_64_TO_32_BIT_CONVERSION = YES;
				GCC_WARN_ABOUT_RETURN_TYPE = YES_ERROR;
				GCC_WARN_UNDECLARED_SELECTOR = YES;
				GCC_WARN_UNINITIALIZED_AUTOS = YES_AGGRESSIVE;
				GCC_WARN_UNUSED_FUNCTION = YES;
				GCC_WARN_UNUSED_VARIABLE = YES;
				IPHONEOS_DEPLOYMENT_TARGET = 9.2;
				MTL_ENABLE_DEBUG_INFO = YES;
				ONLY_ACTIVE_ARCH = YES;
				SDKROOT = iphoneos;
			};
			name = Debug;
		};
		905AB87E1C84315D004BB94C /* Release */ = {
			isa = XCBuildConfiguration;
			buildSettings = {
				ALWAYS_SEARCH_USER_PATHS = NO;
				CLANG_CXX_LANGUAGE_STANDARD = "gnu++0x";
				CLANG_CXX_LIBRARY = "libc++";
				CLANG_ENABLE_MODULES = YES;
				CLANG_ENABLE_OBJC_ARC = YES;
				CLANG_WARN_BOOL_CONVERSION = YES;
				CLANG_WARN_CONSTANT_CONVERSION = YES;
				CLANG_WARN_DIRECT_OBJC_ISA_USAGE = YES_ERROR;
				CLANG_WARN_EMPTY_BODY = YES;
				CLANG_WARN_ENUM_CONVERSION = YES;
				CLANG_WARN_INT_CONVERSION = YES;
				CLANG_WARN_OBJC_ROOT_CLASS = YES_ERROR;
				CLANG_WARN_UNREACHABLE_CODE = YES;
				CLANG_WARN__DUPLICATE_METHOD_MATCH = YES;
				"CODE_SIGN_IDENTITY[sdk=iphoneos*]" = "iPhone Developer";
				COPY_PHASE_STRIP = NO;
				DEBUG_INFORMATION_FORMAT = "dwarf-with-dsym";
				ENABLE_NS_ASSERTIONS = NO;
				ENABLE_STRICT_OBJC_MSGSEND = YES;
				GCC_C_LANGUAGE_STANDARD = gnu99;
				GCC_NO_COMMON_BLOCKS = YES;
				GCC_WARN_64_TO_32_BIT_CONVERSION = YES;
				GCC_WARN_ABOUT_RETURN_TYPE = YES_ERROR;
				GCC_WARN_UNDECLARED_SELECTOR = YES;
				GCC_WARN_UNINITIALIZED_AUTOS = YES_AGGRESSIVE;
				GCC_WARN_UNUSED_FUNCTION = YES;
				GCC_WARN_UNUSED_VARIABLE = YES;
				IPHONEOS_DEPLOYMENT_TARGET = 9.2;
				MTL_ENABLE_DEBUG_INFO = NO;
				SDKROOT = iphoneos;
				VALIDATE_PRODUCT = YES;
			};
			name = Release;
		};
		905AB8801C84315D004BB94C /* Debug */ = {
			isa = XCBuildConfiguration;
			buildSettings = {
				ASSETCATALOG_COMPILER_APPICON_NAME = AppIcon;
				ENABLE_BITCODE = NO;
				FRAMEWORK_SEARCH_PATHS = /Users/lilingang/Desktop/DDProject/DDMISDKDemo/DDMISDK;
				INFOPLIST_FILE = DDMISDKDemo/Info.plist;
				LD_RUNPATH_SEARCH_PATHS = "$(inherited) @executable_path/Frameworks";
				PRODUCT_BUNDLE_IDENTIFIER = DD.DDMISDKDemo;
				PRODUCT_NAME = "$(TARGET_NAME)";
			};
			name = Debug;
		};
		905AB8811C84315D004BB94C /* Release */ = {
			isa = XCBuildConfiguration;
			buildSettings = {
				ASSETCATALOG_COMPILER_APPICON_NAME = AppIcon;
				ENABLE_BITCODE = NO;
				FRAMEWORK_SEARCH_PATHS = /Users/lilingang/Desktop/DDProject/DDMISDKDemo/DDMISDK;
				INFOPLIST_FILE = DDMISDKDemo/Info.plist;
				LD_RUNPATH_SEARCH_PATHS = "$(inherited) @executable_path/Frameworks";
				PRODUCT_BUNDLE_IDENTIFIER = DD.DDMISDKDemo;
				PRODUCT_NAME = "$(TARGET_NAME)";
			};
			name = Release;
		};
/* End XCBuildConfiguration section */

/* Begin XCConfigurationList section */
		905AB8631C84315D004BB94C /* Build configuration list for PBXProject "DDMISDKDemo" */ = {
			isa = XCConfigurationList;
			buildConfigurations = (
				905AB87D1C84315D004BB94C /* Debug */,
				905AB87E1C84315D004BB94C /* Release */,
			);
			defaultConfigurationIsVisible = 0;
			defaultConfigurationName = Release;
		};
		905AB87F1C84315D004BB94C /* Build configuration list for PBXNativeTarget "DDMISDKDemo" */ = {
			isa = XCConfigurationList;
			buildConfigurations = (
				905AB8801C84315D004BB94C /* Debug */,
				905AB8811C84315D004BB94C /* Release */,
			);
			defaultConfigurationIsVisible = 0;
		};
/* End XCConfigurationList section */
	};
	rootObject = 905AB8601C84315D004BB94C /* Project object */;
}
