// !$*UTF8*$!
{
	archiveVersion = 1;
	classes = {
	};
	objectVersion = 46;
	objects = {

/* Begin PBXBuildFile section */
		315916D573A7F1A4238F61E7 /* libPods.a in Frameworks */ = {isa = PBXBuildFile; fileRef = DE211BA50DFA3AD03940D9D4 /* libPods.a */; };
		9057C8751CD05C7000C17569 /* DDMIDownLoader.m in Sources */ = {isa = PBXBuildFile; fileRef = 9057C85C1CD05C7000C17569 /* DDMIDownLoader.m */; };
		9057C8761CD05C7000C17569 /* DDMIRequestHandle.m in Sources */ = {isa = PBXBuildFile; fileRef = 9057C85E1CD05C7000C17569 /* DDMIRequestHandle.m */; };
		9057C8791CD05C7000C17569 /* DDMIHandler.m in Sources */ = {isa = PBXBuildFile; fileRef = 9057C8651CD05C7000C17569 /* DDMIHandler.m */; };
		9057C87C1CD05C7100C17569 /* DDMIAuthViewController.m in Sources */ = {isa = PBXBuildFile; fileRef = 9057C86B1CD05C7000C17569 /* DDMIAuthViewController.m */; };
		9057C87D1CD05C7100C17569 /* DDMIBaseViewController.m in Sources */ = {isa = PBXBuildFile; fileRef = 9057C86D1CD05C7000C17569 /* DDMIBaseViewController.m */; };
		9057C87E1CD05C7100C17569 /* DDMILoginViewController.m in Sources */ = {isa = PBXBuildFile; fileRef = 9057C86F1CD05C7000C17569 /* DDMILoginViewController.m */; };
		9057C87F1CD05C7100C17569 /* DDMIVerifyLoginViewController.m in Sources */ = {isa = PBXBuildFile; fileRef = 9057C8711CD05C7000C17569 /* DDMIVerifyLoginViewController.m */; };
		9057C8801CD05C7100C17569 /* DDMICircleIndicator.m in Sources */ = {isa = PBXBuildFile; fileRef = 9057C8741CD05C7000C17569 /* DDMICircleIndicator.m */; };
		9057C8831CD05CB800C17569 /* AppDelegate.m in Sources */ = {isa = PBXBuildFile; fileRef = 9057C8821CD05CB800C17569 /* AppDelegate.m */; };
		9057C8871CD05CD300C17569 /* DDMainViewController.m in Sources */ = {isa = PBXBuildFile; fileRef = 9057C8851CD05CD300C17569 /* DDMainViewController.m */; };
		9057C8881CD05CD300C17569 /* DDMainViewController.xib in Resources */ = {isa = PBXBuildFile; fileRef = 9057C8861CD05CD300C17569 /* DDMainViewController.xib */; };
		9057C89A1CD0607600C17569 /* DDMIForgetPasswordViewController.m in Sources */ = {isa = PBXBuildFile; fileRef = 9057C8941CD0607600C17569 /* DDMIForgetPasswordViewController.m */; };
		9057C89C1CD0607600C17569 /* DDMIAgreementAndPolicyViewController.m in Sources */ = {isa = PBXBuildFile; fileRef = 9057C8981CD0607600C17569 /* DDMIAgreementAndPolicyViewController.m */; };
		9057C89E1CD060B000C17569 /* DDMIWebViewController.m in Sources */ = {isa = PBXBuildFile; fileRef = 9057C89D1CD060B000C17569 /* DDMIWebViewController.m */; };
		9057C8B91CD07F6000C17569 /* DDMIRegisterViewController.m in Sources */ = {isa = PBXBuildFile; fileRef = 9057C8B71CD07F6000C17569 /* DDMIRegisterViewController.m */; };
		9057C8C21CD08BA400C17569 /* DDMIAttributedLabel.m in Sources */ = {isa = PBXBuildFile; fileRef = 9057C8BE1CD08BA400C17569 /* DDMIAttributedLabel.m */; };
		9057C8C31CD08BA400C17569 /* TTTAttributedLabel.m in Sources */ = {isa = PBXBuildFile; fileRef = 9057C8C11CD08BA400C17569 /* TTTAttributedLabel.m */; };
		9057C8C61CD0AA7D00C17569 /* DDMIVerifyPasswordTool.m in Sources */ = {isa = PBXBuildFile; fileRef = 9057C8C51CD0AA7D00C17569 /* DDMIVerifyPasswordTool.m */; };
		9057C8C91CD1F50900C17569 /* DDMIRegisterCodeView.m in Sources */ = {isa = PBXBuildFile; fileRef = 9057C8C81CD1F50900C17569 /* DDMIRegisterCodeView.m */; };
		9057C8CE1CD226B100C17569 /* DDMIErrorTool.m in Sources */ = {isa = PBXBuildFile; fileRef = 9057C8CD1CD226B100C17569 /* DDMIErrorTool.m */; };
		9057C8D21CD2F94200C17569 /* DDMISMSVerifyViewController.m in Sources */ = {isa = PBXBuildFile; fileRef = 9057C8D01CD2F94200C17569 /* DDMISMSVerifyViewController.m */; };
		9057C8D61CD307B600C17569 /* DDMIHelpViewController.m in Sources */ = {isa = PBXBuildFile; fileRef = 9057C8D51CD307B600C17569 /* DDMIHelpViewController.m */; };
		9057C8D91CD335A000C17569 /* DDMIAccountManager.m in Sources */ = {isa = PBXBuildFile; fileRef = 9057C8D81CD335A000C17569 /* DDMIAccountManager.m */; };
		9057C8DC1CD34AE200C17569 /* DDMIURLEncode.m in Sources */ = {isa = PBXBuildFile; fileRef = 9057C8DB1CD34AE200C17569 /* DDMIURLEncode.m */; };
		9057C8E01CD364C500C17569 /* DDMICountryListViewController.m in Sources */ = {isa = PBXBuildFile; fileRef = 9057C8DE1CD364C500C17569 /* DDMICountryListViewController.m */; };
		9057C8E41CD376D400C17569 /* UIButton+DDMIHitTestEdgeInsets.m in Sources */ = {isa = PBXBuildFile; fileRef = 9057C8E31CD376D400C17569 /* UIButton+DDMIHitTestEdgeInsets.m */; };
		905AB86D1C84315D004BB94C /* main.m in Sources */ = {isa = PBXBuildFile; fileRef = 905AB86C1C84315D004BB94C /* main.m */; };
		905AB8761C84315D004BB94C /* Main.storyboard in Resources */ = {isa = PBXBuildFile; fileRef = 905AB8741C84315D004BB94C /* Main.storyboard */; };
		905AB8781C84315D004BB94C /* Assets.xcassets in Resources */ = {isa = PBXBuildFile; fileRef = 905AB8771C84315D004BB94C /* Assets.xcassets */; };
		905AB87B1C84315D004BB94C /* LaunchScreen.storyboard in Resources */ = {isa = PBXBuildFile; fileRef = 905AB8791C84315D004BB94C /* LaunchScreen.storyboard */; };
		905AB8AE1C8431A2004BB94C /* libstdc++.tbd in Frameworks */ = {isa = PBXBuildFile; fileRef = 905AB8AD1C8431A2004BB94C /* libstdc++.tbd */; };
		90B986441CD995D5009E355A /* DDMIResource.bundle in Resources */ = {isa = PBXBuildFile; fileRef = 90B986421CD995D5009E355A /* DDMIResource.bundle */; };
		90B986451CD995D5009E355A /* XMPassport.framework in Frameworks */ = {isa = PBXBuildFile; fileRef = 90B986431CD995D5009E355A /* XMPassport.framework */; };
		90B986481CD996E0009E355A /* DDMITelephoneRule.m in Sources */ = {isa = PBXBuildFile; fileRef = 90B986471CD996E0009E355A /* DDMITelephoneRule.m */; };
/* End PBXBuildFile section */

/* Begin PBXFileReference section */
		9057C85A1CD05C7000C17569 /* DDMIDefines.h */ = {isa = PBXFileReference; fileEncoding = 4; lastKnownFileType = sourcecode.c.h; path = DDMIDefines.h; sourceTree = "<group>"; };
		9057C85B1CD05C7000C17569 /* DDMIDownLoader.h */ = {isa = PBXFileReference; fileEncoding = 4; lastKnownFileType = sourcecode.c.h; path = DDMIDownLoader.h; sourceTree = "<group>"; };
		9057C85C1CD05C7000C17569 /* DDMIDownLoader.m */ = {isa = PBXFileReference; fileEncoding = 4; lastKnownFileType = sourcecode.c.objc; path = DDMIDownLoader.m; sourceTree = "<group>"; };
		9057C85D1CD05C7000C17569 /* DDMIRequestHandle.h */ = {isa = PBXFileReference; fileEncoding = 4; lastKnownFileType = sourcecode.c.h; path = DDMIRequestHandle.h; sourceTree = "<group>"; };
		9057C85E1CD05C7000C17569 /* DDMIRequestHandle.m */ = {isa = PBXFileReference; fileEncoding = 4; lastKnownFileType = sourcecode.c.objc; path = DDMIRequestHandle.m; sourceTree = "<group>"; };
		9057C8641CD05C7000C17569 /* DDMIHandler.h */ = {isa = PBXFileReference; fileEncoding = 4; lastKnownFileType = sourcecode.c.h; path = DDMIHandler.h; sourceTree = "<group>"; };
		9057C8651CD05C7000C17569 /* DDMIHandler.m */ = {isa = PBXFileReference; fileEncoding = 4; lastKnownFileType = sourcecode.c.objc; path = DDMIHandler.m; sourceTree = "<group>"; };
		9057C86A1CD05C7000C17569 /* DDMIAuthViewController.h */ = {isa = PBXFileReference; fileEncoding = 4; lastKnownFileType = sourcecode.c.h; path = DDMIAuthViewController.h; sourceTree = "<group>"; };
		9057C86B1CD05C7000C17569 /* DDMIAuthViewController.m */ = {isa = PBXFileReference; fileEncoding = 4; lastKnownFileType = sourcecode.c.objc; path = DDMIAuthViewController.m; sourceTree = "<group>"; };
		9057C86C1CD05C7000C17569 /* DDMIBaseViewController.h */ = {isa = PBXFileReference; fileEncoding = 4; lastKnownFileType = sourcecode.c.h; path = DDMIBaseViewController.h; sourceTree = "<group>"; };
		9057C86D1CD05C7000C17569 /* DDMIBaseViewController.m */ = {isa = PBXFileReference; fileEncoding = 4; lastKnownFileType = sourcecode.c.objc; path = DDMIBaseViewController.m; sourceTree = "<group>"; };
		9057C86E1CD05C7000C17569 /* DDMILoginViewController.h */ = {isa = PBXFileReference; fileEncoding = 4; lastKnownFileType = sourcecode.c.h; path = DDMILoginViewController.h; sourceTree = "<group>"; };
		9057C86F1CD05C7000C17569 /* DDMILoginViewController.m */ = {isa = PBXFileReference; fileEncoding = 4; lastKnownFileType = sourcecode.c.objc; path = DDMILoginViewController.m; sourceTree = "<group>"; };
		9057C8701CD05C7000C17569 /* DDMIVerifyLoginViewController.h */ = {isa = PBXFileReference; fileEncoding = 4; lastKnownFileType = sourcecode.c.h; path = DDMIVerifyLoginViewController.h; sourceTree = "<group>"; };
		9057C8711CD05C7000C17569 /* DDMIVerifyLoginViewController.m */ = {isa = PBXFileReference; fileEncoding = 4; lastKnownFileType = sourcecode.c.objc; path = DDMIVerifyLoginViewController.m; sourceTree = "<group>"; };
		9057C8731CD05C7000C17569 /* DDMICircleIndicator.h */ = {isa = PBXFileReference; fileEncoding = 4; lastKnownFileType = sourcecode.c.h; path = DDMICircleIndicator.h; sourceTree = "<group>"; };
		9057C8741CD05C7000C17569 /* DDMICircleIndicator.m */ = {isa = PBXFileReference; fileEncoding = 4; lastKnownFileType = sourcecode.c.objc; path = DDMICircleIndicator.m; sourceTree = "<group>"; };
		9057C8811CD05CB800C17569 /* AppDelegate.h */ = {isa = PBXFileReference; fileEncoding = 4; lastKnownFileType = sourcecode.c.h; path = AppDelegate.h; sourceTree = "<group>"; };
		9057C8821CD05CB800C17569 /* AppDelegate.m */ = {isa = PBXFileReference; fileEncoding = 4; lastKnownFileType = sourcecode.c.objc; path = AppDelegate.m; sourceTree = "<group>"; };
		9057C8841CD05CD300C17569 /* DDMainViewController.h */ = {isa = PBXFileReference; fileEncoding = 4; lastKnownFileType = sourcecode.c.h; path = DDMainViewController.h; sourceTree = "<group>"; };
		9057C8851CD05CD300C17569 /* DDMainViewController.m */ = {isa = PBXFileReference; fileEncoding = 4; lastKnownFileType = sourcecode.c.objc; path = DDMainViewController.m; sourceTree = "<group>"; };
		9057C8861CD05CD300C17569 /* DDMainViewController.xib */ = {isa = PBXFileReference; fileEncoding = 4; lastKnownFileType = file.xib; path = DDMainViewController.xib; sourceTree = "<group>"; };
		9057C8931CD0607600C17569 /* DDMIForgetPasswordViewController.h */ = {isa = PBXFileReference; fileEncoding = 4; lastKnownFileType = sourcecode.c.h; path = DDMIForgetPasswordViewController.h; sourceTree = "<group>"; };
		9057C8941CD0607600C17569 /* DDMIForgetPasswordViewController.m */ = {isa = PBXFileReference; fileEncoding = 4; lastKnownFileType = sourcecode.c.objc; path = DDMIForgetPasswordViewController.m; sourceTree = "<group>"; };
		9057C8971CD0607600C17569 /* DDMIAgreementAndPolicyViewController.h */ = {isa = PBXFileReference; fileEncoding = 4; lastKnownFileType = sourcecode.c.h; path = DDMIAgreementAndPolicyViewController.h; sourceTree = "<group>"; };
		9057C8981CD0607600C17569 /* DDMIAgreementAndPolicyViewController.m */ = {isa = PBXFileReference; fileEncoding = 4; lastKnownFileType = sourcecode.c.objc; path = DDMIAgreementAndPolicyViewController.m; sourceTree = "<group>"; };
		9057C8991CD0607600C17569 /* DDMIWebViewController.h */ = {isa = PBXFileReference; fileEncoding = 4; lastKnownFileType = sourcecode.c.h; path = DDMIWebViewController.h; sourceTree = "<group>"; };
		9057C89D1CD060B000C17569 /* DDMIWebViewController.m */ = {isa = PBXFileReference; fileEncoding = 4; lastKnownFileType = sourcecode.c.objc; path = DDMIWebViewController.m; sourceTree = "<group>"; };
		9057C8B61CD07F6000C17569 /* DDMIRegisterViewController.h */ = {isa = PBXFileReference; fileEncoding = 4; lastKnownFileType = sourcecode.c.h; path = DDMIRegisterViewController.h; sourceTree = "<group>"; };
		9057C8B71CD07F6000C17569 /* DDMIRegisterViewController.m */ = {isa = PBXFileReference; fileEncoding = 4; lastKnownFileType = sourcecode.c.objc; path = DDMIRegisterViewController.m; sourceTree = "<group>"; };
		9057C8BD1CD08BA400C17569 /* DDMIAttributedLabel.h */ = {isa = PBXFileReference; fileEncoding = 4; lastKnownFileType = sourcecode.c.h; path = DDMIAttributedLabel.h; sourceTree = "<group>"; };
		9057C8BE1CD08BA400C17569 /* DDMIAttributedLabel.m */ = {isa = PBXFileReference; fileEncoding = 4; lastKnownFileType = sourcecode.c.objc; path = DDMIAttributedLabel.m; sourceTree = "<group>"; };
		9057C8C01CD08BA400C17569 /* TTTAttributedLabel.h */ = {isa = PBXFileReference; fileEncoding = 4; lastKnownFileType = sourcecode.c.h; path = TTTAttributedLabel.h; sourceTree = "<group>"; };
		9057C8C11CD08BA400C17569 /* TTTAttributedLabel.m */ = {isa = PBXFileReference; fileEncoding = 4; lastKnownFileType = sourcecode.c.objc; path = TTTAttributedLabel.m; sourceTree = "<group>"; };
		9057C8C41CD0AA7D00C17569 /* DDMIVerifyPasswordTool.h */ = {isa = PBXFileReference; fileEncoding = 4; lastKnownFileType = sourcecode.c.h; path = DDMIVerifyPasswordTool.h; sourceTree = "<group>"; };
		9057C8C51CD0AA7D00C17569 /* DDMIVerifyPasswordTool.m */ = {isa = PBXFileReference; fileEncoding = 4; lastKnownFileType = sourcecode.c.objc; path = DDMIVerifyPasswordTool.m; sourceTree = "<group>"; };
		9057C8C71CD1F50900C17569 /* DDMIRegisterCodeView.h */ = {isa = PBXFileReference; fileEncoding = 4; lastKnownFileType = sourcecode.c.h; path = DDMIRegisterCodeView.h; sourceTree = "<group>"; };
		9057C8C81CD1F50900C17569 /* DDMIRegisterCodeView.m */ = {isa = PBXFileReference; fileEncoding = 4; lastKnownFileType = sourcecode.c.objc; path = DDMIRegisterCodeView.m; sourceTree = "<group>"; };
		9057C8CC1CD226B100C17569 /* DDMIErrorTool.h */ = {isa = PBXFileReference; fileEncoding = 4; lastKnownFileType = sourcecode.c.h; path = DDMIErrorTool.h; sourceTree = "<group>"; };
		9057C8CD1CD226B100C17569 /* DDMIErrorTool.m */ = {isa = PBXFileReference; fileEncoding = 4; lastKnownFileType = sourcecode.c.objc; path = DDMIErrorTool.m; sourceTree = "<group>"; };
		9057C8CF1CD2F94200C17569 /* DDMISMSVerifyViewController.h */ = {isa = PBXFileReference; fileEncoding = 4; lastKnownFileType = sourcecode.c.h; path = DDMISMSVerifyViewController.h; sourceTree = "<group>"; };
		9057C8D01CD2F94200C17569 /* DDMISMSVerifyViewController.m */ = {isa = PBXFileReference; fileEncoding = 4; lastKnownFileType = sourcecode.c.objc; path = DDMISMSVerifyViewController.m; sourceTree = "<group>"; };
		9057C8D41CD307B600C17569 /* DDMIHelpViewController.h */ = {isa = PBXFileReference; fileEncoding = 4; lastKnownFileType = sourcecode.c.h; path = DDMIHelpViewController.h; sourceTree = "<group>"; };
		9057C8D51CD307B600C17569 /* DDMIHelpViewController.m */ = {isa = PBXFileReference; fileEncoding = 4; lastKnownFileType = sourcecode.c.objc; path = DDMIHelpViewController.m; sourceTree = "<group>"; };
		9057C8D71CD335A000C17569 /* DDMIAccountManager.h */ = {isa = PBXFileReference; fileEncoding = 4; lastKnownFileType = sourcecode.c.h; path = DDMIAccountManager.h; sourceTree = "<group>"; };
		9057C8D81CD335A000C17569 /* DDMIAccountManager.m */ = {isa = PBXFileReference; fileEncoding = 4; lastKnownFileType = sourcecode.c.objc; path = DDMIAccountManager.m; sourceTree = "<group>"; };
		9057C8DA1CD34AE200C17569 /* DDMIURLEncode.h */ = {isa = PBXFileReference; fileEncoding = 4; lastKnownFileType = sourcecode.c.h; path = DDMIURLEncode.h; sourceTree = "<group>"; };
		9057C8DB1CD34AE200C17569 /* DDMIURLEncode.m */ = {isa = PBXFileReference; fileEncoding = 4; lastKnownFileType = sourcecode.c.objc; path = DDMIURLEncode.m; sourceTree = "<group>"; };
		9057C8DD1CD364C500C17569 /* DDMICountryListViewController.h */ = {isa = PBXFileReference; fileEncoding = 4; lastKnownFileType = sourcecode.c.h; path = DDMICountryListViewController.h; sourceTree = "<group>"; };
		9057C8DE1CD364C500C17569 /* DDMICountryListViewController.m */ = {isa = PBXFileReference; fileEncoding = 4; lastKnownFileType = sourcecode.c.objc; path = DDMICountryListViewController.m; sourceTree = "<group>"; };
		9057C8E21CD376D400C17569 /* UIButton+DDMIHitTestEdgeInsets.h */ = {isa = PBXFileReference; fileEncoding = 4; lastKnownFileType = sourcecode.c.h; path = "UIButton+DDMIHitTestEdgeInsets.h"; sourceTree = "<group>"; };
		9057C8E31CD376D400C17569 /* UIButton+DDMIHitTestEdgeInsets.m */ = {isa = PBXFileReference; fileEncoding = 4; lastKnownFileType = sourcecode.c.objc; path = "UIButton+DDMIHitTestEdgeInsets.m"; sourceTree = "<group>"; };
		905AB8681C84315D004BB94C /* DDMISDKDemo.app */ = {isa = PBXFileReference; explicitFileType = wrapper.application; includeInIndex = 0; path = DDMISDKDemo.app; sourceTree = BUILT_PRODUCTS_DIR; };
		905AB86C1C84315D004BB94C /* main.m */ = {isa = PBXFileReference; lastKnownFileType = sourcecode.c.objc; path = main.m; sourceTree = "<group>"; };
		905AB8751C84315D004BB94C /* Base */ = {isa = PBXFileReference; lastKnownFileType = file.storyboard; name = Base; path = Base.lproj/Main.storyboard; sourceTree = "<group>"; };
		905AB8771C84315D004BB94C /* Assets.xcassets */ = {isa = PBXFileReference; lastKnownFileType = folder.assetcatalog; path = Assets.xcassets; sourceTree = "<group>"; };
		905AB87A1C84315D004BB94C /* Base */ = {isa = PBXFileReference; lastKnownFileType = file.storyboard; name = Base; path = Base.lproj/LaunchScreen.storyboard; sourceTree = "<group>"; };
		905AB87C1C84315D004BB94C /* Info.plist */ = {isa = PBXFileReference; lastKnownFileType = text.plist.xml; path = Info.plist; sourceTree = "<group>"; };
		905AB8AD1C8431A2004BB94C /* libstdc++.tbd */ = {isa = PBXFileReference; lastKnownFileType = "sourcecode.text-based-dylib-definition"; name = "libstdc++.tbd"; path = "usr/lib/libstdc++.tbd"; sourceTree = SDKROOT; };
		90B986421CD995D5009E355A /* DDMIResource.bundle */ = {isa = PBXFileReference; lastKnownFileType = "wrapper.plug-in"; name = DDMIResource.bundle; path = Resources/DDMIResource.bundle; sourceTree = "<group>"; };
		90B986431CD995D5009E355A /* XMPassport.framework */ = {isa = PBXFileReference; lastKnownFileType = wrapper.framework; name = XMPassport.framework; path = Resources/XMPassport.framework; sourceTree = "<group>"; };
		90B986461CD996E0009E355A /* DDMITelephoneRule.h */ = {isa = PBXFileReference; fileEncoding = 4; lastKnownFileType = sourcecode.c.h; path = DDMITelephoneRule.h; sourceTree = "<group>"; };
		90B986471CD996E0009E355A /* DDMITelephoneRule.m */ = {isa = PBXFileReference; fileEncoding = 4; lastKnownFileType = sourcecode.c.objc; path = DDMITelephoneRule.m; sourceTree = "<group>"; };
		ADD06D4163F2F3E02ADEC629 /* Pods.release.xcconfig */ = {isa = PBXFileReference; includeInIndex = 1; lastKnownFileType = text.xcconfig; name = Pods.release.xcconfig; path = "Pods/Target Support Files/Pods/Pods.release.xcconfig"; sourceTree = "<group>"; };
		DE211BA50DFA3AD03940D9D4 /* libPods.a */ = {isa = PBXFileReference; explicitFileType = archive.ar; includeInIndex = 0; path = libPods.a; sourceTree = BUILT_PRODUCTS_DIR; };
		EAE60B3D0D3642447422AB52 /* Pods.debug.xcconfig */ = {isa = PBXFileReference; includeInIndex = 1; lastKnownFileType = text.xcconfig; name = Pods.debug.xcconfig; path = "Pods/Target Support Files/Pods/Pods.debug.xcconfig"; sourceTree = "<group>"; };
/* End PBXFileReference section */

/* Begin PBXFrameworksBuildPhase section */
		905AB8651C84315D004BB94C /* Frameworks */ = {
			isa = PBXFrameworksBuildPhase;
			buildActionMask = 2147483647;
			files = (
				905AB8AE1C8431A2004BB94C /* libstdc++.tbd in Frameworks */,
				315916D573A7F1A4238F61E7 /* libPods.a in Frameworks */,
				90B986451CD995D5009E355A /* XMPassport.framework in Frameworks */,
			);
			runOnlyForDeploymentPostprocessing = 0;
		};
/* End PBXFrameworksBuildPhase section */

/* Begin PBXGroup section */
		1E5B3CCE9FCFDEC1F2AD6A9C /* Frameworks */ = {
			isa = PBXGroup;
			children = (
				DE211BA50DFA3AD03940D9D4 /* libPods.a */,
			);
			name = Frameworks;
			sourceTree = "<group>";
		};
		86145923169C775168A14A22 /* Pods */ = {
			isa = PBXGroup;
			children = (
				EAE60B3D0D3642447422AB52 /* Pods.debug.xcconfig */,
				ADD06D4163F2F3E02ADEC629 /* Pods.release.xcconfig */,
			);
			name = Pods;
			sourceTree = "<group>";
		};
		9057C8581CD05C7000C17569 /* DDMISDK */ = {
			isa = PBXGroup;
			children = (
				90B986421CD995D5009E355A /* DDMIResource.bundle */,
				90B986431CD995D5009E355A /* XMPassport.framework */,
				9057C8591CD05C7000C17569 /* Extensions */,
				9057C8631CD05C7000C17569 /* Handler */,
				9057C8691CD05C7000C17569 /* ViewControllers */,
				9057C8721CD05C7000C17569 /* Views */,
			);
			path = DDMISDK;
			sourceTree = "<group>";
		};
		9057C8591CD05C7000C17569 /* Extensions */ = {
			isa = PBXGroup;
			children = (
				9057C8E21CD376D400C17569 /* UIButton+DDMIHitTestEdgeInsets.h */,
				9057C8E31CD376D400C17569 /* UIButton+DDMIHitTestEdgeInsets.m */,
				9057C85A1CD05C7000C17569 /* DDMIDefines.h */,
				9057C85B1CD05C7000C17569 /* DDMIDownLoader.h */,
				9057C85C1CD05C7000C17569 /* DDMIDownLoader.m */,
				9057C85D1CD05C7000C17569 /* DDMIRequestHandle.h */,
				9057C85E1CD05C7000C17569 /* DDMIRequestHandle.m */,
				9057C8D71CD335A000C17569 /* DDMIAccountManager.h */,
				9057C8D81CD335A000C17569 /* DDMIAccountManager.m */,
				9057C8C41CD0AA7D00C17569 /* DDMIVerifyPasswordTool.h */,
				9057C8C51CD0AA7D00C17569 /* DDMIVerifyPasswordTool.m */,
				9057C8DA1CD34AE200C17569 /* DDMIURLEncode.h */,
				9057C8DB1CD34AE200C17569 /* DDMIURLEncode.m */,
				9057C8CC1CD226B100C17569 /* DDMIErrorTool.h */,
				9057C8CD1CD226B100C17569 /* DDMIErrorTool.m */,
				90B986461CD996E0009E355A /* DDMITelephoneRule.h */,
				90B986471CD996E0009E355A /* DDMITelephoneRule.m */,
			);
			path = Extensions;
			sourceTree = "<group>";
		};
		9057C8631CD05C7000C17569 /* Handler */ = {
			isa = PBXGroup;
			children = (
				9057C8641CD05C7000C17569 /* DDMIHandler.h */,
				9057C8651CD05C7000C17569 /* DDMIHandler.m */,
			);
			path = Handler;
			sourceTree = "<group>";
		};
		9057C8691CD05C7000C17569 /* ViewControllers */ = {
			isa = PBXGroup;
			children = (
				9057C86C1CD05C7000C17569 /* DDMIBaseViewController.h */,
				9057C86D1CD05C7000C17569 /* DDMIBaseViewController.m */,
				9057C8991CD0607600C17569 /* DDMIWebViewController.h */,
				9057C89D1CD060B000C17569 /* DDMIWebViewController.m */,
				9057C86E1CD05C7000C17569 /* DDMILoginViewController.h */,
				9057C86F1CD05C7000C17569 /* DDMILoginViewController.m */,
				9057C86A1CD05C7000C17569 /* DDMIAuthViewController.h */,
				9057C86B1CD05C7000C17569 /* DDMIAuthViewController.m */,
				9057C8701CD05C7000C17569 /* DDMIVerifyLoginViewController.h */,
				9057C8711CD05C7000C17569 /* DDMIVerifyLoginViewController.m */,
				9057C8931CD0607600C17569 /* DDMIForgetPasswordViewController.h */,
				9057C8941CD0607600C17569 /* DDMIForgetPasswordViewController.m */,
				9057C8B61CD07F6000C17569 /* DDMIRegisterViewController.h */,
				9057C8B71CD07F6000C17569 /* DDMIRegisterViewController.m */,
				9057C8CF1CD2F94200C17569 /* DDMISMSVerifyViewController.h */,
				9057C8D01CD2F94200C17569 /* DDMISMSVerifyViewController.m */,
				9057C8DD1CD364C500C17569 /* DDMICountryListViewController.h */,
				9057C8DE1CD364C500C17569 /* DDMICountryListViewController.m */,
				9057C8971CD0607600C17569 /* DDMIAgreementAndPolicyViewController.h */,
				9057C8981CD0607600C17569 /* DDMIAgreementAndPolicyViewController.m */,
				9057C8D41CD307B600C17569 /* DDMIHelpViewController.h */,
				9057C8D51CD307B600C17569 /* DDMIHelpViewController.m */,
			);
			path = ViewControllers;
			sourceTree = "<group>";
		};
		9057C8721CD05C7000C17569 /* Views */ = {
			isa = PBXGroup;
			children = (
				9057C8BD1CD08BA400C17569 /* DDMIAttributedLabel.h */,
				9057C8BE1CD08BA400C17569 /* DDMIAttributedLabel.m */,
				9057C8BF1CD08BA400C17569 /* TTTAttributedLabel */,
				9057C8731CD05C7000C17569 /* DDMICircleIndicator.h */,
				9057C8741CD05C7000C17569 /* DDMICircleIndicator.m */,
				9057C8C71CD1F50900C17569 /* DDMIRegisterCodeView.h */,
				9057C8C81CD1F50900C17569 /* DDMIRegisterCodeView.m */,
			);
			path = Views;
			sourceTree = "<group>";
		};
		9057C8BF1CD08BA400C17569 /* TTTAttributedLabel */ = {
			isa = PBXGroup;
			children = (
				9057C8C01CD08BA400C17569 /* TTTAttributedLabel.h */,
				9057C8C11CD08BA400C17569 /* TTTAttributedLabel.m */,
			);
			path = TTTAttributedLabel;
			sourceTree = "<group>";
		};
		905AB85F1C84315D004BB94C = {
			isa = PBXGroup;
			children = (
				9057C8581CD05C7000C17569 /* DDMISDK */,
				905AB8AD1C8431A2004BB94C /* libstdc++.tbd */,
				905AB86A1C84315D004BB94C /* DDMISDKDemo */,
				905AB8691C84315D004BB94C /* Products */,
				86145923169C775168A14A22 /* Pods */,
				1E5B3CCE9FCFDEC1F2AD6A9C /* Frameworks */,
			);
			sourceTree = "<group>";
		};
		905AB8691C84315D004BB94C /* Products */ = {
			isa = PBXGroup;
			children = (
				905AB8681C84315D004BB94C /* DDMISDKDemo.app */,
			);
			name = Products;
			sourceTree = "<group>";
		};
		905AB86A1C84315D004BB94C /* DDMISDKDemo */ = {
			isa = PBXGroup;
			children = (
				9057C8811CD05CB800C17569 /* AppDelegate.h */,
				9057C8821CD05CB800C17569 /* AppDelegate.m */,
				9057C8841CD05CD300C17569 /* DDMainViewController.h */,
				9057C8851CD05CD300C17569 /* DDMainViewController.m */,
				9057C8861CD05CD300C17569 /* DDMainViewController.xib */,
				905AB8741C84315D004BB94C /* Main.storyboard */,
				905AB8771C84315D004BB94C /* Assets.xcassets */,
				905AB8791C84315D004BB94C /* LaunchScreen.storyboard */,
				905AB87C1C84315D004BB94C /* Info.plist */,
				905AB86B1C84315D004BB94C /* Supporting Files */,
			);
			path = DDMISDKDemo;
			sourceTree = "<group>";
		};
		905AB86B1C84315D004BB94C /* Supporting Files */ = {
			isa = PBXGroup;
			children = (
				905AB86C1C84315D004BB94C /* main.m */,
			);
			name = "Supporting Files";
			sourceTree = "<group>";
		};
/* End PBXGroup section */

/* Begin PBXNativeTarget section */
		905AB8671C84315D004BB94C /* DDMISDKDemo */ = {
			isa = PBXNativeTarget;
			buildConfigurationList = 905AB87F1C84315D004BB94C /* Build configuration list for PBXNativeTarget "DDMISDKDemo" */;
			buildPhases = (
				A367E897635895D61AD1C921 /* Check Pods Manifest.lock */,
				905AB8641C84315D004BB94C /* Sources */,
				905AB8651C84315D004BB94C /* Frameworks */,
				905AB8661C84315D004BB94C /* Resources */,
				FD58605FBA44B520E23FC7D5 /* Embed Pods Frameworks */,
				5DEFE30A49AF96C228599BE6 /* Copy Pods Resources */,
			);
			buildRules = (
			);
			dependencies = (
			);
			name = DDMISDKDemo;
			productName = DDMISDKDemo;
			productReference = 905AB8681C84315D004BB94C /* DDMISDKDemo.app */;
			productType = "com.apple.product-type.application";
		};
/* End PBXNativeTarget section */

/* Begin PBXProject section */
		905AB8601C84315D004BB94C /* Project object */ = {
			isa = PBXProject;
			attributes = {
				LastUpgradeCheck = 0720;
				ORGANIZATIONNAME = LiLingang;
				TargetAttributes = {
					905AB8671C84315D004BB94C = {
						CreatedOnToolsVersion = 7.2.1;
					};
				};
			};
			buildConfigurationList = 905AB8631C84315D004BB94C /* Build configuration list for PBXProject "DDMISDKDemo" */;
			compatibilityVersion = "Xcode 3.2";
			developmentRegion = English;
			hasScannedForEncodings = 0;
			knownRegions = (
				en,
				Base,
				"zh-Hans",
				"zh-Hant",
			);
			mainGroup = 905AB85F1C84315D004BB94C;
			productRefGroup = 905AB8691C84315D004BB94C /* Products */;
			projectDirPath = "";
			projectRoot = "";
			targets = (
				905AB8671C84315D004BB94C /* DDMISDKDemo */,
			);
		};
/* End PBXProject section */

/* Begin PBXResourcesBuildPhase section */
		905AB8661C84315D004BB94C /* Resources */ = {
			isa = PBXResourcesBuildPhase;
			buildActionMask = 2147483647;
			files = (
				9057C8881CD05CD300C17569 /* DDMainViewController.xib in Resources */,
				905AB87B1C84315D004BB94C /* LaunchScreen.storyboard in Resources */,
				905AB8781C84315D004BB94C /* Assets.xcassets in Resources */,
				90B986441CD995D5009E355A /* DDMIResource.bundle in Resources */,
				905AB8761C84315D004BB94C /* Main.storyboard in Resources */,
			);
			runOnlyForDeploymentPostprocessing = 0;
		};
/* End PBXResourcesBuildPhase section */

/* Begin PBXShellScriptBuildPhase section */
		5DEFE30A49AF96C228599BE6 /* Copy Pods Resources */ = {
			isa = PBXShellScriptBuildPhase;
			buildActionMask = 2147483647;
			files = (
			);
			inputPaths = (
			);
			name = "Copy Pods Resources";
			outputPaths = (
			);
			runOnlyForDeploymentPostprocessing = 0;
			shellPath = /bin/sh;
			shellScript = "\"${SRCROOT}/Pods/Target Support Files/Pods/Pods-resources.sh\"\n";
			showEnvVarsInLog = 0;
		};
		A367E897635895D61AD1C921 /* Check Pods Manifest.lock */ = {
			isa = PBXShellScriptBuildPhase;
			buildActionMask = 2147483647;
			files = (
			);
			inputPaths = (
			);
			name = "Check Pods Manifest.lock";
			outputPaths = (
			);
			runOnlyForDeploymentPostprocessing = 0;
			shellPath = /bin/sh;
			shellScript = "diff \"${PODS_ROOT}/../Podfile.lock\" \"${PODS_ROOT}/Manifest.lock\" > /dev/null\nif [[ $? != 0 ]] ; then\n    cat << EOM\nerror: The sandbox is not in sync with the Podfile.lock. Run 'pod install' or update your CocoaPods installation.\nEOM\n    exit 1\nfi\n";
			showEnvVarsInLog = 0;
		};
		FD58605FBA44B520E23FC7D5 /* Embed Pods Frameworks */ = {
			isa = PBXShellScriptBuildPhase;
			buildActionMask = 2147483647;
			files = (
			);
			inputPaths = (
			);
			name = "Embed Pods Frameworks";
			outputPaths = (
			);
			runOnlyForDeploymentPostprocessing = 0;
			shellPath = /bin/sh;
			shellScript = "\"${SRCROOT}/Pods/Target Support Files/Pods/Pods-frameworks.sh\"\n";
			showEnvVarsInLog = 0;
		};
/* End PBXShellScriptBuildPhase section */

/* Begin PBXSourcesBuildPhase section */
		905AB8641C84315D004BB94C /* Sources */ = {
			isa = PBXSourcesBuildPhase;
			buildActionMask = 2147483647;
			files = (
				9057C8CE1CD226B100C17569 /* DDMIErrorTool.m in Sources */,
				9057C8DC1CD34AE200C17569 /* DDMIURLEncode.m in Sources */,
				9057C8D21CD2F94200C17569 /* DDMISMSVerifyViewController.m in Sources */,
				9057C8751CD05C7000C17569 /* DDMIDownLoader.m in Sources */,
				9057C89C1CD0607600C17569 /* DDMIAgreementAndPolicyViewController.m in Sources */,
				9057C8C31CD08BA400C17569 /* TTTAttributedLabel.m in Sources */,
				90B986481CD996E0009E355A /* DDMITelephoneRule.m in Sources */,
				9057C8C61CD0AA7D00C17569 /* DDMIVerifyPasswordTool.m in Sources */,
				9057C8801CD05C7100C17569 /* DDMICircleIndicator.m in Sources */,
				9057C87F1CD05C7100C17569 /* DDMIVerifyLoginViewController.m in Sources */,
				9057C87E1CD05C7100C17569 /* DDMILoginViewController.m in Sources */,
				9057C89A1CD0607600C17569 /* DDMIForgetPasswordViewController.m in Sources */,
				9057C8C21CD08BA400C17569 /* DDMIAttributedLabel.m in Sources */,
				9057C8E41CD376D400C17569 /* UIButton+DDMIHitTestEdgeInsets.m in Sources */,
				905AB86D1C84315D004BB94C /* main.m in Sources */,
				9057C87C1CD05C7100C17569 /* DDMIAuthViewController.m in Sources */,
				9057C8D61CD307B600C17569 /* DDMIHelpViewController.m in Sources */,
				9057C8B91CD07F6000C17569 /* DDMIRegisterViewController.m in Sources */,
				9057C8E01CD364C500C17569 /* DDMICountryListViewController.m in Sources */,
				9057C8761CD05C7000C17569 /* DDMIRequestHandle.m in Sources */,
				9057C89E1CD060B000C17569 /* DDMIWebViewController.m in Sources */,
				9057C8791CD05C7000C17569 /* DDMIHandler.m in Sources */,
				9057C8831CD05CB800C17569 /* AppDelegate.m in Sources */,
				9057C8D91CD335A000C17569 /* DDMIAccountManager.m in Sources */,
				9057C8871CD05CD300C17569 /* DDMainViewController.m in Sources */,
				9057C8C91CD1F50900C17569 /* DDMIRegisterCodeView.m in Sources */,
				9057C87D1CD05C7100C17569 /* DDMIBaseViewController.m in Sources */,
			);
			runOnlyForDeploymentPostprocessing = 0;
		};
/* End PBXSourcesBuildPhase section */

/* Begin PBXVariantGroup section */
		905AB8741C84315D004BB94C /* Main.storyboard */ = {
			isa = PBXVariantGroup;
			children = (
				905AB8751C84315D004BB94C /* Base */,
			);
			name = Main.storyboard;
			sourceTree = "<group>";
		};
		905AB8791C84315D004BB94C /* LaunchScreen.storyboard */ = {
			isa = PBXVariantGroup;
			children = (
				905AB87A1C84315D004BB94C /* Base */,
			);
			name = LaunchScreen.storyboard;
			sourceTree = "<group>";
		};
/* End PBXVariantGroup section */

/* Begin XCBuildConfiguration section */
		905AB87D1C84315D004BB94C /* Debug */ = {
			isa = XCBuildConfiguration;
			buildSettings = {
				ALWAYS_SEARCH_USER_PATHS = NO;
				CLANG_CXX_LANGUAGE_STANDARD = "gnu++0x";
				CLANG_CXX_LIBRARY = "libc++";
				CLANG_ENABLE_MODULES = YES;
				CLANG_ENABLE_OBJC_ARC = YES;
				CLANG_WARN_BOOL_CONVERSION = YES;
				CLANG_WARN_CONSTANT_CONVERSION = YES;
				CLANG_WARN_DIRECT_OBJC_ISA_USAGE = YES_ERROR;
				CLANG_WARN_EMPTY_BODY = YES;
				CLANG_WARN_ENUM_CONVERSION = YES;
				CLANG_WARN_INT_CONVERSION = YES;
				CLANG_WARN_OBJC_ROOT_CLASS = YES_ERROR;
				CLANG_WARN_UNREACHABLE_CODE = YES;
				CLANG_WARN__DUPLICATE_METHOD_MATCH = YES;
				"CODE_SIGN_IDENTITY[sdk=iphoneos*]" = "iPhone Developer";
				COPY_PHASE_STRIP = NO;
				DEBUG_INFORMATION_FORMAT = dwarf;
				ENABLE_STRICT_OBJC_MSGSEND = YES;
				ENABLE_TESTABILITY = YES;
				GCC_C_LANGUAGE_STANDARD = gnu99;
				GCC_DYNAMIC_NO_PIC = NO;
				GCC_NO_COMMON_BLOCKS = YES;
				GCC_OPTIMIZATION_LEVEL = 0;
				GCC_PREPROCESSOR_DEFINITIONS = (
					"DEBUG=1",
					"$(inherited)",
				);
				GCC_WARN_64_TO_32_BIT_CONVERSION = YES;
				GCC_WARN_ABOUT_RETURN_TYPE = YES_ERROR;
				GCC_WARN_UNDECLARED_SELECTOR = YES;
				GCC_WARN_UNINITIALIZED_AUTOS = YES_AGGRESSIVE;
				GCC_WARN_UNUSED_FUNCTION = YES;
				GCC_WARN_UNUSED_VARIABLE = YES;
				IPHONEOS_DEPLOYMENT_TARGET = 9.2;
				MTL_ENABLE_DEBUG_INFO = YES;
				ONLY_ACTIVE_ARCH = YES;
				SDKROOT = iphoneos;
			};
			name = Debug;
		};
		905AB87E1C84315D004BB94C /* Release */ = {
			isa = XCBuildConfiguration;
			buildSettings = {
				ALWAYS_SEARCH_USER_PATHS = NO;
				CLANG_CXX_LANGUAGE_STANDARD = "gnu++0x";
				CLANG_CXX_LIBRARY = "libc++";
				CLANG_ENABLE_MODULES = YES;
				CLANG_ENABLE_OBJC_ARC = YES;
				CLANG_WARN_BOOL_CONVERSION = YES;
				CLANG_WARN_CONSTANT_CONVERSION = YES;
				CLANG_WARN_DIRECT_OBJC_ISA_USAGE = YES_ERROR;
				CLANG_WARN_EMPTY_BODY = YES;
				CLANG_WARN_ENUM_CONVERSION = YES;
				CLANG_WARN_INT_CONVERSION = YES;
				CLANG_WARN_OBJC_ROOT_CLASS = YES_ERROR;
				CLANG_WARN_UNREACHABLE_CODE = YES;
				CLANG_WARN__DUPLICATE_METHOD_MATCH = YES;
				"CODE_SIGN_IDENTITY[sdk=iphoneos*]" = "iPhone Developer";
				COPY_PHASE_STRIP = NO;
				DEBUG_INFORMATION_FORMAT = "dwarf-with-dsym";
				ENABLE_NS_ASSERTIONS = NO;
				ENABLE_STRICT_OBJC_MSGSEND = YES;
				GCC_C_LANGUAGE_STANDARD = gnu99;
				GCC_NO_COMMON_BLOCKS = YES;
				GCC_WARN_64_TO_32_BIT_CONVERSION = YES;
				GCC_WARN_ABOUT_RETURN_TYPE = YES_ERROR;
				GCC_WARN_UNDECLARED_SELECTOR = YES;
				GCC_WARN_UNINITIALIZED_AUTOS = YES_AGGRESSIVE;
				GCC_WARN_UNUSED_FUNCTION = YES;
				GCC_WARN_UNUSED_VARIABLE = YES;
				IPHONEOS_DEPLOYMENT_TARGET = 9.2;
				MTL_ENABLE_DEBUG_INFO = NO;
				SDKROOT = iphoneos;
				VALIDATE_PRODUCT = YES;
			};
			name = Release;
		};
		905AB8801C84315D004BB94C /* Debug */ = {
			isa = XCBuildConfiguration;
			baseConfigurationReference = EAE60B3D0D3642447422AB52 /* Pods.debug.xcconfig */;
			buildSettings = {
				ASSETCATALOG_COMPILER_APPICON_NAME = AppIcon;
				ENABLE_BITCODE = NO;
				FRAMEWORK_SEARCH_PATHS = (
					/Users/lilingang/Desktop/DDProject/DDMISDKDemo/DDMISDK,
					"$(PROJECT_DIR)/DDMISDK/Resources",
				);
				INFOPLIST_FILE = DDMISDKDemo/Info.plist;
				LD_RUNPATH_SEARCH_PATHS = "$(inherited) @executable_path/Frameworks";
				PRODUCT_BUNDLE_IDENTIFIER = DD.DDMISDKDemo;
				PRODUCT_NAME = "$(TARGET_NAME)";
			};
			name = Debug;
		};
		905AB8811C84315D004BB94C /* Release */ = {
			isa = XCBuildConfiguration;
			baseConfigurationReference = ADD06D4163F2F3E02ADEC629 /* Pods.release.xcconfig */;
			buildSettings = {
				ASSETCATALOG_COMPILER_APPICON_NAME = AppIcon;
				ENABLE_BITCODE = NO;
				FRAMEWORK_SEARCH_PATHS = (
					/Users/lilingang/Desktop/DDProject/DDMISDKDemo/DDMISDK,
					"$(PROJECT_DIR)/DDMISDK/Resources",
				);
				INFOPLIST_FILE = DDMISDKDemo/Info.plist;
				LD_RUNPATH_SEARCH_PATHS = "$(inherited) @executable_path/Frameworks";
				PRODUCT_BUNDLE_IDENTIFIER = DD.DDMISDKDemo;
				PRODUCT_NAME = "$(TARGET_NAME)";
			};
			name = Release;
		};
/* End XCBuildConfiguration section */

/* Begin XCConfigurationList section */
		905AB8631C84315D004BB94C /* Build configuration list for PBXProject "DDMISDKDemo" */ = {
			isa = XCConfigurationList;
			buildConfigurations = (
				905AB87D1C84315D004BB94C /* Debug */,
				905AB87E1C84315D004BB94C /* Release */,
			);
			defaultConfigurationIsVisible = 0;
			defaultConfigurationName = Release;
		};
		905AB87F1C84315D004BB94C /* Build configuration list for PBXNativeTarget "DDMISDKDemo" */ = {
			isa = XCConfigurationList;
			buildConfigurations = (
				905AB8801C84315D004BB94C /* Debug */,
				905AB8811C84315D004BB94C /* Release */,
			);
			defaultConfigurationIsVisible = 0;
			defaultConfigurationName = Release;
		};
/* End XCConfigurationList section */
	};
	rootObject = 905AB8601C84315D004BB94C /* Project object */;
}
