// !$*UTF8*$!
{
	archiveVersion = 1;
	classes = {
	};
	objectVersion = 46;
	objects = {

/* Begin PBXBuildFile section */
		901036E31C7EF753006B9679 /* dd_button_trust_icon@2x.png in Resources */ = {isa = PBXBuildFile; fileRef = 901036D91C7EF753006B9679 /* dd_button_trust_icon@2x.png */; };
		901036E41C7EF753006B9679 /* dd_button_untrust_icon@2x.png in Resources */ = {isa = PBXBuildFile; fileRef = 901036DA1C7EF753006B9679 /* dd_button_untrust_icon@2x.png */; };
		901036E51C7EF753006B9679 /* dd_circleIndicator_icon@2x.png in Resources */ = {isa = PBXBuildFile; fileRef = 901036DB1C7EF753006B9679 /* dd_circleIndicator_icon@2x.png */; };
		901036E61C7EF753006B9679 /* dd_input_bg_verification@2x.png in Resources */ = {isa = PBXBuildFile; fileRef = 901036DC1C7EF753006B9679 /* dd_input_bg_verification@2x.png */; };
		901036E71C7EF753006B9679 /* dd_input_bg@2x.png in Resources */ = {isa = PBXBuildFile; fileRef = 901036DD1C7EF753006B9679 /* dd_input_bg@2x.png */; };
		901036E81C7EF753006B9679 /* dd_mi_logo_icon@2x.png in Resources */ = {isa = PBXBuildFile; fileRef = 901036DE1C7EF753006B9679 /* dd_mi_logo_icon@2x.png */; };
		901036E91C7EF753006B9679 /* dd_single_input_bg@2x.png in Resources */ = {isa = PBXBuildFile; fileRef = 901036DF1C7EF753006B9679 /* dd_single_input_bg@2x.png */; };
		901036EA1C7EF753006B9679 /* DDMIAuthViewController.xib in Resources */ = {isa = PBXBuildFile; fileRef = 901036E01C7EF753006B9679 /* DDMIAuthViewController.xib */; };
		901036EB1C7EF753006B9679 /* DDMILoginViewController.xib in Resources */ = {isa = PBXBuildFile; fileRef = 901036E11C7EF753006B9679 /* DDMILoginViewController.xib */; };
		901036EC1C7EF753006B9679 /* DDMIVerifyLoginViewController.xib in Resources */ = {isa = PBXBuildFile; fileRef = 901036E21C7EF753006B9679 /* DDMIVerifyLoginViewController.xib */; };
		901036EF1C7EF7A6006B9679 /* DDMILocalizable.strings in Resources */ = {isa = PBXBuildFile; fileRef = 901036F11C7EF7A6006B9679 /* DDMILocalizable.strings */; };
/* End PBXBuildFile section */

/* Begin PBXFileReference section */
		901036D01C7EF73C006B9679 /* DDMIResource.bundle */ = {isa = PBXFileReference; explicitFileType = wrapper.cfbundle; includeInIndex = 0; path = DDMIResource.bundle; sourceTree = BUILT_PRODUCTS_DIR; };
		901036D91C7EF753006B9679 /* dd_button_trust_icon@2x.png */ = {isa = PBXFileReference; lastKnownFileType = image.png; path = "dd_button_trust_icon@2x.png"; sourceTree = "<group>"; };
		901036DA1C7EF753006B9679 /* dd_button_untrust_icon@2x.png */ = {isa = PBXFileReference; lastKnownFileType = image.png; path = "dd_button_untrust_icon@2x.png"; sourceTree = "<group>"; };
		901036DB1C7EF753006B9679 /* dd_circleIndicator_icon@2x.png */ = {isa = PBXFileReference; lastKnownFileType = image.png; path = "dd_circleIndicator_icon@2x.png"; sourceTree = "<group>"; };
		901036DC1C7EF753006B9679 /* dd_input_bg_verification@2x.png */ = {isa = PBXFileReference; lastKnownFileType = image.png; path = "dd_input_bg_verification@2x.png"; sourceTree = "<group>"; };
		901036DD1C7EF753006B9679 /* dd_input_bg@2x.png */ = {isa = PBXFileReference; lastKnownFileType = image.png; path = "dd_input_bg@2x.png"; sourceTree = "<group>"; };
		901036DE1C7EF753006B9679 /* dd_mi_logo_icon@2x.png */ = {isa = PBXFileReference; lastKnownFileType = image.png; path = "dd_mi_logo_icon@2x.png"; sourceTree = "<group>"; };
		901036DF1C7EF753006B9679 /* dd_single_input_bg@2x.png */ = {isa = PBXFileReference; lastKnownFileType = image.png; path = "dd_single_input_bg@2x.png"; sourceTree = "<group>"; };
		901036E01C7EF753006B9679 /* DDMIAuthViewController.xib */ = {isa = PBXFileReference; fileEncoding = 4; lastKnownFileType = file.xib; path = DDMIAuthViewController.xib; sourceTree = "<group>"; };
		901036E11C7EF753006B9679 /* DDMILoginViewController.xib */ = {isa = PBXFileReference; fileEncoding = 4; lastKnownFileType = file.xib; path = DDMILoginViewController.xib; sourceTree = "<group>"; };
		901036E21C7EF753006B9679 /* DDMIVerifyLoginViewController.xib */ = {isa = PBXFileReference; fileEncoding = 4; lastKnownFileType = file.xib; path = DDMIVerifyLoginViewController.xib; sourceTree = "<group>"; };
		901036F01C7EF7A6006B9679 /* en */ = {isa = PBXFileReference; lastKnownFileType = text.plist.strings; name = en; path = en.lproj/DDMILocalizable.strings; sourceTree = "<group>"; };
		901036F21C7EF7CA006B9679 /* zh-Hans */ = {isa = PBXFileReference; lastKnownFileType = text.plist.strings; name = "zh-Hans"; path = "zh-Hans.lproj/DDMILocalizable.strings"; sourceTree = "<group>"; };
		901036F31C7EF7D0006B9679 /* zh-Hant */ = {isa = PBXFileReference; lastKnownFileType = text.plist.strings; name = "zh-Hant"; path = "zh-Hant.lproj/DDMILocalizable.strings"; sourceTree = "<group>"; };
/* End PBXFileReference section */

/* Begin PBXFrameworksBuildPhase section */
		901036CD1C7EF73C006B9679 /* Frameworks */ = {
			isa = PBXFrameworksBuildPhase;
			buildActionMask = 2147483647;
			files = (
			);
			runOnlyForDeploymentPostprocessing = 0;
		};
/* End PBXFrameworksBuildPhase section */

/* Begin PBXGroup section */
		901036C71C7EF73C006B9679 = {
			isa = PBXGroup;
			children = (
				901036D21C7EF73C006B9679 /* DDMIResource */,
				901036D11C7EF73C006B9679 /* Products */,
			);
			sourceTree = "<group>";
		};
		901036D11C7EF73C006B9679 /* Products */ = {
			isa = PBXGroup;
			children = (
				901036D01C7EF73C006B9679 /* DDMIResource.bundle */,
			);
			name = Products;
			sourceTree = "<group>";
		};
		901036D21C7EF73C006B9679 /* DDMIResource */ = {
			isa = PBXGroup;
			children = (
				901036D91C7EF753006B9679 /* dd_button_trust_icon@2x.png */,
				901036DA1C7EF753006B9679 /* dd_button_untrust_icon@2x.png */,
				901036DB1C7EF753006B9679 /* dd_circleIndicator_icon@2x.png */,
				901036DC1C7EF753006B9679 /* dd_input_bg_verification@2x.png */,
				901036DD1C7EF753006B9679 /* dd_input_bg@2x.png */,
				901036DE1C7EF753006B9679 /* dd_mi_logo_icon@2x.png */,
				901036DF1C7EF753006B9679 /* dd_single_input_bg@2x.png */,
				901036E01C7EF753006B9679 /* DDMIAuthViewController.xib */,
				901036E11C7EF753006B9679 /* DDMILoginViewController.xib */,
				901036E21C7EF753006B9679 /* DDMIVerifyLoginViewController.xib */,
				901036F11C7EF7A6006B9679 /* DDMILocalizable.strings */,
			);
			path = DDMIResource;
			sourceTree = "<group>";
		};
/* End PBXGroup section */

/* Begin PBXNativeTarget section */
		901036CF1C7EF73C006B9679 /* DDMIResource */ = {
			isa = PBXNativeTarget;
			buildConfigurationList = 901036D61C7EF73C006B9679 /* Build configuration list for PBXNativeTarget "DDMIResource" */;
			buildPhases = (
				901036CC1C7EF73C006B9679 /* Sources */,
				901036CD1C7EF73C006B9679 /* Frameworks */,
				901036CE1C7EF73C006B9679 /* Resources */,
			);
			buildRules = (
			);
			dependencies = (
			);
			name = DDMIResource;
			productName = DDMIResource;
			productReference = 901036D01C7EF73C006B9679 /* DDMIResource.bundle */;
			productType = "com.apple.product-type.bundle";
		};
/* End PBXNativeTarget section */

/* Begin PBXProject section */
		901036C81C7EF73C006B9679 /* Project object */ = {
			isa = PBXProject;
			attributes = {
				LastUpgradeCheck = 0720;
				ORGANIZATIONNAME = LiLingang;
				TargetAttributes = {
					901036CF1C7EF73C006B9679 = {
						CreatedOnToolsVersion = 7.2.1;
					};
				};
			};
			buildConfigurationList = 901036CB1C7EF73C006B9679 /* Build configuration list for PBXProject "DDMIResource" */;
			compatibilityVersion = "Xcode 3.2";
			developmentRegion = English;
			hasScannedForEncodings = 0;
			knownRegions = (
				en,
				"zh-Hans",
				"zh-Hant",
			);
			mainGroup = 901036C71C7EF73C006B9679;
			productRefGroup = 901036D11C7EF73C006B9679 /* Products */;
			projectDirPath = "";
			projectRoot = "";
			targets = (
				901036CF1C7EF73C006B9679 /* DDMIResource */,
			);
		};
/* End PBXProject section */

/* Begin PBXResourcesBuildPhase section */
		901036CE1C7EF73C006B9679 /* Resources */ = {
			isa = PBXResourcesBuildPhase;
			buildActionMask = 2147483647;
			files = (
				901036E31C7EF753006B9679 /* dd_button_trust_icon@2x.png in Resources */,
				901036E91C7EF753006B9679 /* dd_single_input_bg@2x.png in Resources */,
				901036EA1C7EF753006B9679 /* DDMIAuthViewController.xib in Resources */,
				901036EC1C7EF753006B9679 /* DDMIVerifyLoginViewController.xib in Resources */,
				901036EB1C7EF753006B9679 /* DDMILoginViewController.xib in Resources */,
				901036E61C7EF753006B9679 /* dd_input_bg_verification@2x.png in Resources */,
				901036E51C7EF753006B9679 /* dd_circleIndicator_icon@2x.png in Resources */,
				901036E41C7EF753006B9679 /* dd_button_untrust_icon@2x.png in Resources */,
				901036E81C7EF753006B9679 /* dd_mi_logo_icon@2x.png in Resources */,
				901036EF1C7EF7A6006B9679 /* DDMILocalizable.strings in Resources */,
				901036E71C7EF753006B9679 /* dd_input_bg@2x.png in Resources */,
			);
			runOnlyForDeploymentPostprocessing = 0;
		};
/* End PBXResourcesBuildPhase section */

/* Begin PBXSourcesBuildPhase section */
		901036CC1C7EF73C006B9679 /* Sources */ = {
			isa = PBXSourcesBuildPhase;
			buildActionMask = 2147483647;
			files = (
			);
			runOnlyForDeploymentPostprocessing = 0;
		};
/* End PBXSourcesBuildPhase section */

/* Begin PBXVariantGroup section */
		901036F11C7EF7A6006B9679 /* DDMILocalizable.strings */ = {
			isa = PBXVariantGroup;
			children = (
				901036F01C7EF7A6006B9679 /* en */,
				901036F21C7EF7CA006B9679 /* zh-Hans */,
				901036F31C7EF7D0006B9679 /* zh-Hant */,
			);
			name = DDMILocalizable.strings;
			sourceTree = "<group>";
		};
/* End PBXVariantGroup section */

/* Begin XCBuildConfiguration section */
		901036D41C7EF73C006B9679 /* Debug */ = {
			isa = XCBuildConfiguration;
			buildSettings = {
				ALWAYS_SEARCH_USER_PATHS = NO;
				CLANG_CXX_LANGUAGE_STANDARD = "gnu++0x";
				CLANG_CXX_LIBRARY = "libc++";
				CLANG_ENABLE_MODULES = YES;
				CLANG_ENABLE_OBJC_ARC = YES;
				CLANG_WARN_BOOL_CONVERSION = YES;
				CLANG_WARN_CONSTANT_CONVERSION = YES;
				CLANG_WARN_DIRECT_OBJC_ISA_USAGE = YES_ERROR;
				CLANG_WARN_EMPTY_BODY = YES;
				CLANG_WARN_ENUM_CONVERSION = YES;
				CLANG_WARN_INT_CONVERSION = YES;
				CLANG_WARN_OBJC_ROOT_CLASS = YES_ERROR;
				CLANG_WARN_UNREACHABLE_CODE = YES;
				CLANG_WARN__DUPLICATE_METHOD_MATCH = YES;
				CODE_SIGN_IDENTITY = "-";
				COPY_PHASE_STRIP = NO;
				DEBUG_INFORMATION_FORMAT = dwarf;
				ENABLE_STRICT_OBJC_MSGSEND = YES;
				ENABLE_TESTABILITY = YES;
				GCC_C_LANGUAGE_STANDARD = gnu99;
				GCC_DYNAMIC_NO_PIC = NO;
				GCC_NO_COMMON_BLOCKS = YES;
				GCC_OPTIMIZATION_LEVEL = 0;
				GCC_PREPROCESSOR_DEFINITIONS = (
					"DEBUG=1",
					"$(inherited)",
				);
				GCC_WARN_64_TO_32_BIT_CONVERSION = YES;
				GCC_WARN_ABOUT_RETURN_TYPE = YES_ERROR;
				GCC_WARN_UNDECLARED_SELECTOR = YES;
				GCC_WARN_UNINITIALIZED_AUTOS = YES_AGGRESSIVE;
				GCC_WARN_UNUSED_FUNCTION = YES;
				GCC_WARN_UNUSED_VARIABLE = YES;
				MACOSX_DEPLOYMENT_TARGET = 10.10;
				MTL_ENABLE_DEBUG_INFO = NO;
				ONLY_ACTIVE_ARCH = NO;
				SDKROOT = iphoneos;
			};
			name = Debug;
		};
		901036D51C7EF73C006B9679 /* Release */ = {
			isa = XCBuildConfiguration;
			buildSettings = {
				ALWAYS_SEARCH_USER_PATHS = NO;
				CLANG_CXX_LANGUAGE_STANDARD = "gnu++0x";
				CLANG_CXX_LIBRARY = "libc++";
				CLANG_ENABLE_MODULES = YES;
				CLANG_ENABLE_OBJC_ARC = YES;
				CLANG_WARN_BOOL_CONVERSION = YES;
				CLANG_WARN_CONSTANT_CONVERSION = YES;
				CLANG_WARN_DIRECT_OBJC_ISA_USAGE = YES_ERROR;
				CLANG_WARN_EMPTY_BODY = YES;
				CLANG_WARN_ENUM_CONVERSION = YES;
				CLANG_WARN_INT_CONVERSION = YES;
				CLANG_WARN_OBJC_ROOT_CLASS = YES_ERROR;
				CLANG_WARN_UNREACHABLE_CODE = YES;
				CLANG_WARN__DUPLICATE_METHOD_MATCH = YES;
				CODE_SIGN_IDENTITY = "-";
				COPY_PHASE_STRIP = NO;
				DEBUG_INFORMATION_FORMAT = "dwarf-with-dsym";
				ENABLE_NS_ASSERTIONS = NO;
				ENABLE_STRICT_OBJC_MSGSEND = YES;
				GCC_C_LANGUAGE_STANDARD = gnu99;
				GCC_NO_COMMON_BLOCKS = YES;
				GCC_WARN_64_TO_32_BIT_CONVERSION = YES;
				GCC_WARN_ABOUT_RETURN_TYPE = YES_ERROR;
				GCC_WARN_UNDECLARED_SELECTOR = YES;
				GCC_WARN_UNINITIALIZED_AUTOS = YES_AGGRESSIVE;
				GCC_WARN_UNUSED_FUNCTION = YES;
				GCC_WARN_UNUSED_VARIABLE = YES;
				MACOSX_DEPLOYMENT_TARGET = 10.10;
				MTL_ENABLE_DEBUG_INFO = NO;
				SDKROOT = iphoneos;
			};
			name = Release;
		};
		901036D71C7EF73C006B9679 /* Debug */ = {
			isa = XCBuildConfiguration;
			buildSettings = {
				COMBINE_HIDPI_IMAGES = YES;
				INFOPLIST_FILE = "";
				PRODUCT_BUNDLE_IDENTIFIER = DD.DDMIResource;
				PRODUCT_NAME = "$(TARGET_NAME)";
				SKIP_INSTALL = YES;
				WRAPPER_EXTENSION = bundle;
			};
			name = Debug;
		};
		901036D81C7EF73C006B9679 /* Release */ = {
			isa = XCBuildConfiguration;
			buildSettings = {
				COMBINE_HIDPI_IMAGES = YES;
				INFOPLIST_FILE = "";
				PRODUCT_BUNDLE_IDENTIFIER = DD.DDMIResource;
				PRODUCT_NAME = "$(TARGET_NAME)";
				SKIP_INSTALL = YES;
				WRAPPER_EXTENSION = bundle;
			};
			name = Release;
		};
/* End XCBuildConfiguration section */

/* Begin XCConfigurationList section */
		901036CB1C7EF73C006B9679 /* Build configuration list for PBXProject "DDMIResource" */ = {
			isa = XCConfigurationList;
			buildConfigurations = (
				901036D41C7EF73C006B9679 /* Debug */,
				901036D51C7EF73C006B9679 /* Release */,
			);
			defaultConfigurationIsVisible = 0;
			defaultConfigurationName = Release;
		};
		901036D61C7EF73C006B9679 /* Build configuration list for PBXNativeTarget "DDMIResource" */ = {
			isa = XCConfigurationList;
			buildConfigurations = (
				901036D71C7EF73C006B9679 /* Debug */,
				901036D81C7EF73C006B9679 /* Release */,
			);
			defaultConfigurationIsVisible = 0;
		};
/* End XCConfigurationList section */
	};
	rootObject = 901036C81C7EF73C006B9679 /* Project object */;
}
